
Microsoft Visual Studio Solution File, Format Version 12.00
# Visual Studio 2013
VisualStudioVersion = 12.0.21005.1
MinimumVisualStudioVersion = 10.0.40219.1
Project("{FAE04EC0-301F-11D3-BF4B-00C04F79EFBC}") = "SistemaDeRegistro", "SistemaDeRegistro\SistemaDeRegistro.csproj", "{3F41BC37-08AD-499D-A426-B735DB11357E}"
EndProject
Project("{FAE04EC0-301F-11D3-BF4B-00C04F79EFBC}") = "CapaDatos", "CapaDatos\CapaDatos.csproj", "{90814499-9F69-40E6-87FF-E37B911FD6EC}"
EndProject
Project("{FAE04EC0-301F-11D3-BF4B-00C04F79EFBC}") = "CapaPresentacion", "CapaPresentacion\CapaPresentacion.csproj", "{224DE59A-CEFF-41C9-AA91-5206D52FF425}"
EndProject
Project("{FAE04EC0-301F-11D3-BF4B-00C04F79EFBC}") = "CapaNegocio", "CapaNegocio\CapaNegocio.csproj", "{FFA20D35-EC08-4E27-9F4F-0532A2CEEE4B}"
EndProject
Global
	GlobalSection(SolutionConfigurationPlatforms) = preSolution
		Debug|Any CPU = Debug|Any CPU
		Release|Any CPU = Release|Any CPU
	EndGlobalSection
	GlobalSection(ProjectConfigurationPlatforms) = postSolution
		{3F41BC37-08AD-499D-A426-B735DB11357E}.Debug|Any CPU.ActiveCfg = Debug|Any CPU
		{3F41BC37-08AD-499D-A426-B735DB11357E}.Debug|Any CPU.Build.0 = Debug|Any CPU
		{3F41BC37-08AD-499D-A426-B735DB11357E}.Release|Any CPU.ActiveCfg = Release|Any CPU
		{3F41BC37-08AD-499D-A426-B735DB11357E}.Release|Any CPU.Build.0 = Release|Any CPU
		{90814499-9F69-40E6-87FF-E37B911FD6EC}.Debug|Any CPU.ActiveCfg = Debug|Any CPU
		{90814499-9F69-40E6-87FF-E37B911FD6EC}.Debug|Any CPU.Build.0 = Debug|Any CPU
		{90814499-9F69-40E6-87FF-E37B911FD6EC}.Release|Any CPU.ActiveCfg = Release|Any CPU
		{90814499-9F69-40E6-87FF-E37B911FD6EC}.Release|Any CPU.Build.0 = Release|Any CPU
		{224DE59A-CEFF-41C9-AA91-5206D52FF425}.Debug|Any CPU.ActiveCfg = Debug|Any CPU
		{224DE59A-CEFF-41C9-AA91-5206D52FF425}.Debug|Any CPU.Build.0 = Debug|Any CPU
		{224DE59A-CEFF-41C9-AA91-5206D52FF425}.Release|Any CPU.ActiveCfg = Release|Any CPU
		{224DE59A-CEFF-41C9-AA91-5206D52FF425}.Release|Any CPU.Build.0 = Release|Any CPU
		{FFA20D35-EC08-4E27-9F4F-0532A2CEEE4B}.Debug|Any CPU.ActiveCfg = Debug|Any CPU
		{FFA20D35-EC08-4E27-9F4F-0532A2CEEE4B}.Debug|Any CPU.Build.0 = Debug|Any CPU
		{FFA20D35-EC08-4E27-9F4F-0532A2CEEE4B}.Release|Any CPU.ActiveCfg = Release|Any CPU
		{FFA20D35-EC08-4E27-9F4F-0532A2CEEE4B}.Release|Any CPU.Build.0 = Release|Any CPU
	EndGlobalSection
	GlobalSection(SolutionProperties) = preSolution
		HideSolutionNode = FALSE
	EndGlobalSection
EndGlobal
